// !$*UTF8*$!
{
	archiveVersion = 1;
	classes = {
	};
	objectVersion = 46;
	objects = {

/* Begin PBXBuildFile section */
		AA005CF01B7C1E19004C6315 /* main.m in Sources */ = {isa = PBXBuildFile; fileRef = AA005CEF1B7C1E19004C6315 /* main.m */; };
		AA005CF31B7C1E19004C6315 /* AppDelegate.m in Sources */ = {isa = PBXBuildFile; fileRef = AA005CF21B7C1E19004C6315 /* AppDelegate.m */; };
		AA005CF51B7C1E19004C6315 /* Images.xcassets in Resources */ = {isa = PBXBuildFile; fileRef = AA005CF41B7C1E19004C6315 /* Images.xcassets */; };
		AA005CF81B7C1E19004C6315 /* LaunchScreen.xib in Resources */ = {isa = PBXBuildFile; fileRef = AA005CF61B7C1E19004C6315 /* LaunchScreen.xib */; };
		AA005D041B7C1E19004C6315 /* TestFontTests.m in Sources */ = {isa = PBXBuildFile; fileRef = AA005D031B7C1E19004C6315 /* TestFontTests.m */; };
/* End PBXBuildFile section */

/* Begin PBXContainerItemProxy section */
		AA005CFE1B7C1E19004C6315 /* PBXContainerItemProxy */ = {
			isa = PBXContainerItemProxy;
			containerPortal = AA005CE21B7C1E19004C6315 /* Project object */;
			proxyType = 1;
			remoteGlobalIDString = AA005CE91B7C1E19004C6315;
			remoteInfo = TestFont;
		};
/* End PBXContainerItemProxy section */

/* Begin PBXFileReference section */
		AA005CEA1B7C1E19004C6315 /* TestFont.app */ = {isa = PBXFileReference; explicitFileType = wrapper.application; includeInIndex = 0; path = TestFont.app; sourceTree = BUILT_PRODUCTS_DIR; };
		AA005CEE1B7C1E19004C6315 /* Info.plist */ = {isa = PBXFileReference; lastKnownFileType = text.plist.xml; path = Info.plist; sourceTree = "<group>"; };
		AA005CEF1B7C1E19004C6315 /* main.m */ = {isa = PBXFileReference; lastKnownFileType = sourcecode.c.objc; path = main.m; sourceTree = "<group>"; };
		AA005CF11B7C1E19004C6315 /* AppDelegate.h */ = {isa = PBXFileReference; lastKnownFileType = sourcecode.c.h; path = AppDelegate.h; sourceTree = "<group>"; };
		AA005CF21B7C1E19004C6315 /* AppDelegate.m */ = {isa = PBXFileReference; lastKnownFileType = sourcecode.c.objc; path = AppDelegate.m; sourceTree = "<group>"; };
		AA005CF41B7C1E19004C6315 /* Images.xcassets */ = {isa = PBXFileReference; lastKnownFileType = folder.assetcatalog; path = Images.xcassets; sourceTree = "<group>"; };
		AA005CF71B7C1E19004C6315 /* Base */ = {isa = PBXFileReference; lastKnownFileType = file.xib; name = Base; path = Base.lproj/LaunchScreen.xib; sourceTree = "<group>"; };
		AA005CFD1B7C1E19004C6315 /* TestFontTests.xctest */ = {isa = PBXFileReference; explicitFileType = wrapper.cfbundle; includeInIndex = 0; path = TestFontTests.xctest; sourceTree = BUILT_PRODUCTS_DIR; };
		AA005D021B7C1E19004C6315 /* Info.plist */ = {isa = PBXFileReference; lastKnownFileType = text.plist.xml; path = Info.plist; sourceTree = "<group>"; };
		AA005D031B7C1E19004C6315 /* TestFontTests.m */ = {isa = PBXFileReference; lastKnownFileType = sourcecode.c.objc; path = TestFontTests.m; sourceTree = "<group>"; };
/* End PBXFileReference section */

/* Begin PBXFrameworksBuildPhase section */
		AA005CE71B7C1E19004C6315 /* Frameworks */ = {
			isa = PBXFrameworksBuildPhase;
			buildActionMask = 2147483647;
			files = (
			);
			runOnlyForDeploymentPostprocessing = 0;
		};
		AA005CFA1B7C1E19004C6315 /* Frameworks */ = {
			isa = PBXFrameworksBuildPhase;
			buildActionMask = 2147483647;
			files = (
			);
			runOnlyForDeploymentPostprocessing = 0;
		};
/* End PBXFrameworksBuildPhase section */

/* Begin PBXGroup section */
		AA005CE11B7C1E19004C6315 = {
			isa = PBXGroup;
			children = (
				AA005CEC1B7C1E19004C6315 /* TestFont */,
				AA005D001B7C1E19004C6315 /* TestFontTests */,
				AA005CEB1B7C1E19004C6315 /* Products */,
			);
			sourceTree = "<group>";
		};
		AA005CEB1B7C1E19004C6315 /* Products */ = {
			isa = PBXGroup;
			children = (
				AA005CEA1B7C1E19004C6315 /* TestFont.app */,
				AA005CFD1B7C1E19004C6315 /* TestFontTests.xctest */,
			);
			name = Products;
			sourceTree = "<group>";
		};
		AA005CEC1B7C1E19004C6315 /* TestFont */ = {
			isa = PBXGroup;
			children = (
				AA005CF11B7C1E19004C6315 /* AppDelegate.h */,
				AA005CF21B7C1E19004C6315 /* AppDelegate.m */,
				AA005CF41B7C1E19004C6315 /* Images.xcassets */,
				AA005CF61B7C1E19004C6315 /* LaunchScreen.xib */,
				AA005CED1B7C1E19004C6315 /* Supporting Files */,
			);
			path = TestFont;
			sourceTree = "<group>";
		};
		AA005CED1B7C1E19004C6315 /* Supporting Files */ = {
			isa = PBXGroup;
			children = (
				AA005CEE1B7C1E19004C6315 /* Info.plist */,
				AA005CEF1B7C1E19004C6315 /* main.m */,
			);
			name = "Supporting Files";
			sourceTree = "<group>";
		};
		AA005D001B7C1E19004C6315 /* TestFontTests */ = {
			isa = PBXGroup;
			children = (
				AA005D031B7C1E19004C6315 /* TestFontTests.m */,
				AA005D011B7C1E19004C6315 /* Supporting Files */,
			);
			path = TestFontTests;
			sourceTree = "<group>";
		};
		AA005D011B7C1E19004C6315 /* Supporting Files */ = {
			isa = PBXGroup;
			children = (
				AA005D021B7C1E19004C6315 /* Info.plist */,
			);
			name = "Supporting Files";
			sourceTree = "<group>";
		};
/* End PBXGroup section */

/* Begin PBXNativeTarget section */
		AA005CE91B7C1E19004C6315 /* TestFont */ = {
			isa = PBXNativeTarget;
			buildConfigurationList = AA005D071B7C1E19004C6315 /* Build configuration list for PBXNativeTarget "TestFont" */;
			buildPhases = (
				AA005CE61B7C1E19004C6315 /* Sources */,
				AA005CE71B7C1E19004C6315 /* Frameworks */,
				AA005CE81B7C1E19004C6315 /* Resources */,
			);
			buildRules = (
			);
			dependencies = (
			);
			name = TestFont;
			productName = TestFont;
			productReference = AA005CEA1B7C1E19004C6315 /* TestFont.app */;
			productType = "com.apple.product-type.application";
		};
		AA005CFC1B7C1E19004C6315 /* TestFontTests */ = {
			isa = PBXNativeTarget;
			buildConfigurationList = AA005D0A1B7C1E19004C6315 /* Build configuration list for PBXNativeTarget "TestFontTests" */;
			buildPhases = (
				AA005CF91B7C1E19004C6315 /* Sources */,
				AA005CFA1B7C1E19004C6315 /* Frameworks */,
				AA005CFB1B7C1E19004C6315 /* Resources */,
			);
			buildRules = (
			);
			dependencies = (
				AA005CFF1B7C1E19004C6315 /* PBXTargetDependency */,
			);
			name = TestFontTests;
			productName = TestFontTests;
			productReference = AA005CFD1B7C1E19004C6315 /* TestFontTests.xctest */;
			productType = "com.apple.product-type.bundle.unit-test";
		};
/* End PBXNativeTarget section */

/* Begin PBXProject section */
		AA005CE21B7C1E19004C6315 /* Project object */ = {
			isa = PBXProject;
			attributes = {
				LastUpgradeCheck = 0640;
				ORGANIZATIONNAME = "Henan Lanou Technology Co. Ltd";
				TargetAttributes = {
					AA005CE91B7C1E19004C6315 = {
						CreatedOnToolsVersion = 6.4;
					};
					AA005CFC1B7C1E19004C6315 = {
						CreatedOnToolsVersion = 6.4;
						TestTargetID = AA005CE91B7C1E19004C6315;
					};
				};
			};
			buildConfigurationList = AA005CE51B7C1E19004C6315 /* Build configuration list for PBXProject "TestFont" */;
			compatibilityVersion = "Xcode 3.2";
			developmentRegion = English;
			hasScannedForEncodings = 0;
			knownRegions = (
				en,
				Base,
			);
			mainGroup = AA005CE11B7C1E19004C6315;
			productRefGroup = AA005CEB1B7C1E19004C6315 /* Products */;
			projectDirPath = "";
			projectRoot = "";
			targets = (
				AA005CE91B7C1E19004C6315 /* TestFont */,
				AA005CFC1B7C1E19004C6315 /* TestFontTests */,
			);
		};
/* End PBXProject section */

/* Begin PBXResourcesBuildPhase section */
		AA005CE81B7C1E19004C6315 /* Resources */ = {
			isa = PBXResourcesBuildPhase;
			buildActionMask = 2147483647;
			files = (
				AA005CF81B7C1E19004C6315 /* LaunchScreen.xib in Resources */,
				AA005CF51B7C1E19004C6315 /* Images.xcassets in Resources */,
			);
			runOnlyForDeploymentPostprocessing = 0;
		};
		AA005CFB1B7C1E19004C6315 /* Resources */ = {
			isa = PBXResourcesBuildPhase;
			buildActionMask = 2147483647;
			files = (
			);
			runOnlyForDeploymentPostprocessing = 0;
		};
/* End PBXResourcesBuildPhase section */

/* Begin PBXSourcesBuildPhase section */
		AA005CE61B7C1E19004C6315 /* Sources */ = {
			isa = PBXSourcesBuildPhase;
			buildActionMask = 2147483647;
			files = (
				AA005CF31B7C1E19004C6315 /* AppDelegate.m in Sources */,
				AA005CF01B7C1E19004C6315 /* main.m in Sources */,
			);
			runOnlyForDeploymentPostprocessing = 0;
		};
		AA005CF91B7C1E19004C6315 /* Sources */ = {
			isa = PBXSourcesBuildPhase;
			buildActionMask = 2147483647;
			files = (
				AA005D041B7C1E19004C6315 /* TestFontTests.m in Sources */,
			);
			runOnlyForDeploymentPostprocessing = 0;
		};
/* End PBXSourcesBuildPhase section */

/* Begin PBXTargetDependency section */
		AA005CFF1B7C1E19004C6315 /* PBXTargetDependency */ = {
			isa = PBXTargetDependency;
			target = AA005CE91B7C1E19004C6315 /* TestFont */;
			targetProxy = AA005CFE1B7C1E19004C6315 /* PBXContainerItemProxy */;
		};
/* End PBXTargetDependency section */

/* Begin PBXVariantGroup section */
		AA005CF61B7C1E19004C6315 /* LaunchScreen.xib */ = {
			isa = PBXVariantGroup;
			children = (
				AA005CF71B7C1E19004C6315 /* Base */,
			);
			name = LaunchScreen.xib;
			sourceTree = "<group>";
		};
/* End PBXVariantGroup section */

/* Begin XCBuildConfiguration section */
		AA005D051B7C1E19004C6315 /* Debug */ = {
			isa = XCBuildConfiguration;
			buildSettings = {
				ALWAYS_SEARCH_USER_PATHS = NO;
				CLANG_CXX_LANGUAGE_STANDARD = "gnu++0x";
				CLANG_CXX_LIBRARY = "libc++";
				CLANG_ENABLE_MODULES = YES;
				CLANG_ENABLE_OBJC_ARC = YES;
				CLANG_WARN_BOOL_CONVERSION = YES;
				CLANG_WARN_CONSTANT_CONVERSION = YES;
				CLANG_WARN_DIRECT_OBJC_ISA_USAGE = YES_ERROR;
				CLANG_WARN_EMPTY_BODY = YES;
				CLANG_WARN_ENUM_CONVERSION = YES;
				CLANG_WARN_INT_CONVERSION = YES;
				CLANG_WARN_OBJC_ROOT_CLASS = YES_ERROR;
				CLANG_WARN_UNREACHABLE_CODE = YES;
				CLANG_WARN__DUPLICATE_METHOD_MATCH = YES;
				"CODE_SIGN_IDENTITY[sdk=iphoneos*]" = "iPhone Developer";
				COPY_PHASE_STRIP = NO;
				DEBUG_INFORMATION_FORMAT = "dwarf-with-dsym";
				ENABLE_STRICT_OBJC_MSGSEND = YES;
				GCC_C_LANGUAGE_STANDARD = gnu99;
				GCC_DYNAMIC_NO_PIC = NO;
				GCC_NO_COMMON_BLOCKS = YES;
				GCC_OPTIMIZATION_LEVEL = 0;
				GCC_PREPROCESSOR_DEFINITIONS = (
					"DEBUG=1",
					"$(inherited)",
				);
				GCC_SYMBOLS_PRIVATE_EXTERN = NO;
				GCC_WARN_64_TO_32_BIT_CONVERSION = YES;
				GCC_WARN_ABOUT_RETURN_TYPE = YES_ERROR;
				GCC_WARN_UNDECLARED_SELECTOR = YES;
				GCC_WARN_UNINITIALIZED_AUTOS = YES_AGGRESSIVE;
				GCC_WARN_UNUSED_FUNCTION = YES;
				GCC_WARN_UNUSED_VARIABLE = YES;
				IPHONEOS_DEPLOYMENT_TARGET = 8.4;
				MTL_ENABLE_DEBUG_INFO = YES;
				ONLY_ACTIVE_ARCH = YES;
				SDKROOT = iphoneos;
			};
			name = Debug;
		};
		AA005D061B7C1E19004C6315 /* Release */ = {
			isa = XCBuildConfiguration;
			buildSettings = {
				ALWAYS_SEARCH_USER_PATHS = NO;
				CLANG_CXX_LANGUAGE_STANDARD = "gnu++0x";
				CLANG_CXX_LIBRARY = "libc++";
				CLANG_ENABLE_MODULES = YES;
				CLANG_ENABLE_OBJC_ARC = YES;
				CLANG_WARN_BOOL_CONVERSION = YES;
				CLANG_WARN_CONSTANT_CONVERSION = YES;
				CLANG_WARN_DIRECT_OBJC_ISA_USAGE = YES_ERROR;
				CLANG_WARN_EMPTY_BODY = YES;
				CLANG_WARN_ENUM_CONVERSION = YES;
				CLANG_WARN_INT_CONVERSION = YES;
				CLANG_WARN_OBJC_ROOT_CLASS = YES_ERROR;
				CLANG_WARN_UNREACHABLE_CODE = YES;
				CLANG_WARN__DUPLICATE_METHOD_MATCH = YES;
				"CODE_SIGN_IDENTITY[sdk=iphoneos*]" = "iPhone Developer";
				COPY_PHASE_STRIP = NO;
				DEBUG_INFORMATION_FORMAT = "dwarf-with-dsym";
				ENABLE_NS_ASSERTIONS = NO;
				ENABLE_STRICT_OBJC_MSGSEND = YES;
				GCC_C_LANGUAGE_STANDARD = gnu99;
				GCC_NO_COMMON_BLOCKS = YES;
				GCC_WARN_64_TO_32_BIT_CONVERSION = YES;
				GCC_WARN_ABOUT_RETURN_TYPE = YES_ERROR;
				GCC_WARN_UNDECLARED_SELECTOR = YES;
				GCC_WARN_UNINITIALIZED_AUTOS = YES_AGGRESSIVE;
				GCC_WARN_UNUSED_FUNCTION = YES;
				GCC_WARN_UNUSED_VARIABLE = YES;
				IPHONEOS_DEPLOYMENT_TARGET = 8.4;
				MTL_ENABLE_DEBUG_INFO = NO;
				SDKROOT = iphoneos;
				VALIDATE_PRODUCT = YES;
			};
			name = Release;
		};
		AA005D081B7C1E19004C6315 /* Debug */ = {
			isa = XCBuildConfiguration;
			buildSettings = {
				ASSETCATALOG_COMPILER_APPICON_NAME = AppIcon;
				INFOPLIST_FILE = TestFont/Info.plist;
				LD_RUNPATH_SEARCH_PATHS = "$(inherited) @executable_path/Frameworks";
				PRODUCT_NAME = "$(TARGET_NAME)";
			};
			name = Debug;
		};
		AA005D091B7C1E19004C6315 /* Release */ = {
			isa = XCBuildConfiguration;
			buildSettings = {
				ASSETCATALOG_COMPILER_APPICON_NAME = AppIcon;
				INFOPLIST_FILE = TestFont/Info.plist;
				LD_RUNPATH_SEARCH_PATHS = "$(inherited) @executable_path/Frameworks";
				PRODUCT_NAME = "$(TARGET_NAME)";
			};
			name = Release;
		};
		AA005D0B1B7C1E19004C6315 /* Debug */ = {
			isa = XCBuildConfiguration;
			buildSettings = {
				BUNDLE_LOADER = "$(TEST_HOST)";
				FRAMEWORK_SEARCH_PATHS = (
					"$(SDKROOT)/Developer/Library/Frameworks",
					"$(inherited)",
				);
				GCC_PREPROCESSOR_DEFINITIONS = (
					"DEBUG=1",
					"$(inherited)",
				);
				INFOPLIST_FILE = TestFontTests/Info.plist;
				LD_RUNPATH_SEARCH_PATHS = "$(inherited) @executable_path/Frameworks @loader_path/Frameworks";
				PRODUCT_NAME = "$(TARGET_NAME)";
				TEST_HOST = "$(BUILT_PRODUCTS_DIR)/TestFont.app/TestFont";
			};
			name = Debug;
		};
		AA005D0C1B7C1E19004C6315 /* Release */ = {
			isa = XCBuildConfiguration;
			buildSettings = {
				BUNDLE_LOADER = "$(TEST_HOST)";
				FRAMEWORK_SEARCH_PATHS = (
					"$(SDKROOT)/Developer/Library/Frameworks",
					"$(inherited)",
				);
				INFOPLIST_FILE = TestFontTests/Info.plist;
				LD_RUNPATH_SEARCH_PATHS = "$(inherited) @executable_path/Frameworks @loader_path/Frameworks";
				PRODUCT_NAME = "$(TARGET_NAME)";
				TEST_HOST = "$(BUILT_PRODUCTS_DIR)/TestFont.app/TestFont";
			};
			name = Release;
		};
/* End XCBuildConfiguration section */

/* Begin XCConfigurationList section */
		AA005CE51B7C1E19004C6315 /* Build configuration list for PBXProject "TestFont" */ = {
			isa = XCConfigurationList;
			buildConfigurations = (
				AA005D051B7C1E19004C6315 /* Debug */,
				AA005D061B7C1E19004C6315 /* Release */,
			);
			defaultConfigurationIsVisible = 0;
			defaultConfigurationName = Release;
		};
		AA005D071B7C1E19004C6315 /* Build configuration list for PBXNativeTarget "TestFont" */ = {
			isa = XCConfigurationList;
			buildConfigurations = (
				AA005D081B7C1E19004C6315 /* Debug */,
				AA005D091B7C1E19004C6315 /* Release */,
			);
			defaultConfigurationIsVisible = 0;
		};
		AA005D0A1B7C1E19004C6315 /* Build configuration list for PBXNativeTarget "TestFontTests" */ = {
			isa = XCConfigurationList;
			buildConfigurations = (
				AA005D0B1B7C1E19004C6315 /* Debug */,
				AA005D0C1B7C1E19004C6315 /* Release */,
			);
			defaultConfigurationIsVisible = 0;
		};
/* End XCConfigurationList section */
	};
	rootObject = AA005CE21B7C1E19004C6315 /* Project object */;
}
